// !$*UTF8*$!
{
	archiveVersion = 1;
	classes = {
	};
	objectVersion = 50;
	objects = {

/* Begin PBXBuildFile section */
		BC6362B52306F43F009891B7 /* AppDelegate.swift in Sources */ = {isa = PBXBuildFile; fileRef = BC6362B42306F43F009891B7 /* AppDelegate.swift */; };
		BC6362B72306F43F009891B7 /* ViewController.swift in Sources */ = {isa = PBXBuildFile; fileRef = BC6362B62306F43F009891B7 /* ViewController.swift */; };
		BC6362BA2306F43F009891B7 /* Main.storyboard in Resources */ = {isa = PBXBuildFile; fileRef = BC6362B82306F43F009891B7 /* Main.storyboard */; };
		BC6362BC2306F43F009891B7 /* Assets.xcassets in Resources */ = {isa = PBXBuildFile; fileRef = BC6362BB2306F43F009891B7 /* Assets.xcassets */; };
		BC6362BF2306F43F009891B7 /* LaunchScreen.storyboard in Resources */ = {isa = PBXBuildFile; fileRef = BC6362BD2306F43F009891B7 /* LaunchScreen.storyboard */; };
		BC6362CA2306F43F009891B7 /* CalcuMoraTests.swift in Sources */ = {isa = PBXBuildFile; fileRef = BC6362C92306F43F009891B7 /* CalcuMoraTests.swift */; };
		BC6362D52306F43F009891B7 /* CalcuMoraUITests.swift in Sources */ = {isa = PBXBuildFile; fileRef = BC6362D42306F43F009891B7 /* CalcuMoraUITests.swift */; };
/* End PBXBuildFile section */

/* Begin PBXContainerItemProxy section */
		BC6362C62306F43F009891B7 /* PBXContainerItemProxy */ = {
			isa = PBXContainerItemProxy;
			containerPortal = BC6362A92306F43E009891B7 /* Project object */;
			proxyType = 1;
			remoteGlobalIDString = BC6362B02306F43F009891B7;
			remoteInfo = CalcuMora;
		};
		BC6362D12306F43F009891B7 /* PBXContainerItemProxy */ = {
			isa = PBXContainerItemProxy;
			containerPortal = BC6362A92306F43E009891B7 /* Project object */;
			proxyType = 1;
			remoteGlobalIDString = BC6362B02306F43F009891B7;
			remoteInfo = CalcuMora;
		};
/* End PBXContainerItemProxy section */

/* Begin PBXFileReference section */
		BC6362B12306F43F009891B7 /* CalcuMora.app */ = {isa = PBXFileReference; explicitFileType = wrapper.application; includeInIndex = 0; path = CalcuMora.app; sourceTree = BUILT_PRODUCTS_DIR; };
		BC6362B42306F43F009891B7 /* AppDelegate.swift */ = {isa = PBXFileReference; lastKnownFileType = sourcecode.swift; path = AppDelegate.swift; sourceTree = "<group>"; };
		BC6362B62306F43F009891B7 /* ViewController.swift */ = {isa = PBXFileReference; lastKnownFileType = sourcecode.swift; path = ViewController.swift; sourceTree = "<group>"; };
		BC6362B92306F43F009891B7 /* Base */ = {isa = PBXFileReference; lastKnownFileType = file.storyboard; name = Base; path = Base.lproj/Main.storyboard; sourceTree = "<group>"; };
		BC6362BB2306F43F009891B7 /* Assets.xcassets */ = {isa = PBXFileReference; lastKnownFileType = folder.assetcatalog; path = Assets.xcassets; sourceTree = "<group>"; };
		BC6362BE2306F43F009891B7 /* Base */ = {isa = PBXFileReference; lastKnownFileType = file.storyboard; name = Base; path = Base.lproj/LaunchScreen.storyboard; sourceTree = "<group>"; };
		BC6362C02306F43F009891B7 /* Info.plist */ = {isa = PBXFileReference; lastKnownFileType = text.plist.xml; path = Info.plist; sourceTree = "<group>"; };
		BC6362C52306F43F009891B7 /* CalcuMoraTests.xctest */ = {isa = PBXFileReference; explicitFileType = wrapper.cfbundle; includeInIndex = 0; path = CalcuMoraTests.xctest; sourceTree = BUILT_PRODUCTS_DIR; };
		BC6362C92306F43F009891B7 /* CalcuMoraTests.swift */ = {isa = PBXFileReference; lastKnownFileType = sourcecode.swift; path = CalcuMoraTests.swift; sourceTree = "<group>"; };
		BC6362CB2306F43F009891B7 /* Info.plist */ = {isa = PBXFileReference; lastKnownFileType = text.plist.xml; path = Info.plist; sourceTree = "<group>"; };
		BC6362D02306F43F009891B7 /* CalcuMoraUITests.xctest */ = {isa = PBXFileReference; explicitFileType = wrapper.cfbundle; includeInIndex = 0; path = CalcuMoraUITests.xctest; sourceTree = BUILT_PRODUCTS_DIR; };
		BC6362D42306F43F009891B7 /* CalcuMoraUITests.swift */ = {isa = PBXFileReference; lastKnownFileType = sourcecode.swift; path = CalcuMoraUITests.swift; sourceTree = "<group>"; };
		BC6362D62306F43F009891B7 /* Info.plist */ = {isa = PBXFileReference; lastKnownFileType = text.plist.xml; path = Info.plist; sourceTree = "<group>"; };
/* End PBXFileReference section */

/* Begin PBXFrameworksBuildPhase section */
		BC6362AE2306F43F009891B7 /* Frameworks */ = {
			isa = PBXFrameworksBuildPhase;
			buildActionMask = 2147483647;
			files = (
			);
			runOnlyForDeploymentPostprocessing = 0;
		};
		BC6362C22306F43F009891B7 /* Frameworks */ = {
			isa = PBXFrameworksBuildPhase;
			buildActionMask = 2147483647;
			files = (
			);
			runOnlyForDeploymentPostprocessing = 0;
		};
		BC6362CD2306F43F009891B7 /* Frameworks */ = {
			isa = PBXFrameworksBuildPhase;
			buildActionMask = 2147483647;
			files = (
			);
			runOnlyForDeploymentPostprocessing = 0;
		};
/* End PBXFrameworksBuildPhase section */

/* Begin PBXGroup section */
		BC6362A82306F43E009891B7 = {
			isa = PBXGroup;
			children = (
				BC6362B32306F43F009891B7 /* CalcuMora */,
				BC6362C82306F43F009891B7 /* CalcuMoraTests */,
				BC6362D32306F43F009891B7 /* CalcuMoraUITests */,
				BC6362B22306F43F009891B7 /* Products */,
			);
			sourceTree = "<group>";
		};
		BC6362B22306F43F009891B7 /* Products */ = {
			isa = PBXGroup;
			children = (
				BC6362B12306F43F009891B7 /* CalcuMora.app */,
				BC6362C52306F43F009891B7 /* CalcuMoraTests.xctest */,
				BC6362D02306F43F009891B7 /* CalcuMoraUITests.xctest */,
			);
			name = Products;
			sourceTree = "<group>";
		};
		BC6362B32306F43F009891B7 /* CalcuMora */ = {
			isa = PBXGroup;
			children = (
				BC6362B42306F43F009891B7 /* AppDelegate.swift */,
				BC6362B62306F43F009891B7 /* ViewController.swift */,
				BC6362B82306F43F009891B7 /* Main.storyboard */,
				BC6362BB2306F43F009891B7 /* Assets.xcassets */,
				BC6362BD2306F43F009891B7 /* LaunchScreen.storyboard */,
				BC6362C02306F43F009891B7 /* Info.plist */,
			);
			path = CalcuMora;
			sourceTree = "<group>";
		};
		BC6362C82306F43F009891B7 /* CalcuMoraTests */ = {
			isa = PBXGroup;
			children = (
				BC6362C92306F43F009891B7 /* CalcuMoraTests.swift */,
				BC6362CB2306F43F009891B7 /* Info.plist */,
			);
			path = CalcuMoraTests;
			sourceTree = "<group>";
		};
		BC6362D32306F43F009891B7 /* CalcuMoraUITests */ = {
			isa = PBXGroup;
			children = (
				BC6362D42306F43F009891B7 /* CalcuMoraUITests.swift */,
				BC6362D62306F43F009891B7 /* Info.plist */,
			);
			path = CalcuMoraUITests;
			sourceTree = "<group>";
		};
/* End PBXGroup section */

/* Begin PBXNativeTarget section */
		BC6362B02306F43F009891B7 /* CalcuMora */ = {
			isa = PBXNativeTarget;
			buildConfigurationList = BC6362D92306F43F009891B7 /* Build configuration list for PBXNativeTarget "CalcuMora" */;
			buildPhases = (
				BC6362AD2306F43F009891B7 /* Sources */,
				BC6362AE2306F43F009891B7 /* Frameworks */,
				BC6362AF2306F43F009891B7 /* Resources */,
			);
			buildRules = (
			);
			dependencies = (
			);
			name = CalcuMora;
			productName = CalcuMora;
			productReference = BC6362B12306F43F009891B7 /* CalcuMora.app */;
			productType = "com.apple.product-type.application";
		};
		BC6362C42306F43F009891B7 /* CalcuMoraTests */ = {
			isa = PBXNativeTarget;
			buildConfigurationList = BC6362DC2306F43F009891B7 /* Build configuration list for PBXNativeTarget "CalcuMoraTests" */;
			buildPhases = (
				BC6362C12306F43F009891B7 /* Sources */,
				BC6362C22306F43F009891B7 /* Frameworks */,
				BC6362C32306F43F009891B7 /* Resources */,
			);
			buildRules = (
			);
			dependencies = (
				BC6362C72306F43F009891B7 /* PBXTargetDependency */,
			);
			name = CalcuMoraTests;
			productName = CalcuMoraTests;
			productReference = BC6362C52306F43F009891B7 /* CalcuMoraTests.xctest */;
			productType = "com.apple.product-type.bundle.unit-test";
		};
		BC6362CF2306F43F009891B7 /* CalcuMoraUITests */ = {
			isa = PBXNativeTarget;
			buildConfigurationList = BC6362DF2306F43F009891B7 /* Build configuration list for PBXNativeTarget "CalcuMoraUITests" */;
			buildPhases = (
				BC6362CC2306F43F009891B7 /* Sources */,
				BC6362CD2306F43F009891B7 /* Frameworks */,
				BC6362CE2306F43F009891B7 /* Resources */,
			);
			buildRules = (
			);
			dependencies = (
				BC6362D22306F43F009891B7 /* PBXTargetDependency */,
			);
			name = CalcuMoraUITests;
			productName = CalcuMoraUITests;
			productReference = BC6362D02306F43F009891B7 /* CalcuMoraUITests.xctest */;
			productType = "com.apple.product-type.bundle.ui-testing";
		};
/* End PBXNativeTarget section */

/* Begin PBXProject section */
		BC6362A92306F43E009891B7 /* Project object */ = {
			isa = PBXProject;
			attributes = {
				LastSwiftUpdateCheck = 1030;
				LastUpgradeCheck = 1030;
				ORGANIZATIONNAME = saladitas;
				TargetAttributes = {
					BC6362B02306F43F009891B7 = {
						CreatedOnToolsVersion = 10.3;
					};
					BC6362C42306F43F009891B7 = {
						CreatedOnToolsVersion = 10.3;
						TestTargetID = BC6362B02306F43F009891B7;
					};
					BC6362CF2306F43F009891B7 = {
						CreatedOnToolsVersion = 10.3;
						TestTargetID = BC6362B02306F43F009891B7;
					};
				};
			};
			buildConfigurationList = BC6362AC2306F43E009891B7 /* Build configuration list for PBXProject "CalcuMora" */;
			compatibilityVersion = "Xcode 9.3";
			developmentRegion = en;
			hasScannedForEncodings = 0;
			knownRegions = (
				en,
				Base,
			);
			mainGroup = BC6362A82306F43E009891B7;
			productRefGroup = BC6362B22306F43F009891B7 /* Products */;
			projectDirPath = "";
			projectRoot = "";
			targets = (
				BC6362B02306F43F009891B7 /* CalcuMora */,
				BC6362C42306F43F009891B7 /* CalcuMoraTests */,
				BC6362CF2306F43F009891B7 /* CalcuMoraUITests */,
			);
		};
/* End PBXProject section */

/* Begin PBXResourcesBuildPhase section */
		BC6362AF2306F43F009891B7 /* Resources */ = {
			isa = PBXResourcesBuildPhase;
			buildActionMask = 2147483647;
			files = (
				BC6362BF2306F43F009891B7 /* LaunchScreen.storyboard in Resources */,
				BC6362BC2306F43F009891B7 /* Assets.xcassets in Resources */,
				BC6362BA2306F43F009891B7 /* Main.storyboard in Resources */,
			);
			runOnlyForDeploymentPostprocessing = 0;
		};
		BC6362C32306F43F009891B7 /* Resources */ = {
			isa = PBXResourcesBuildPhase;
			buildActionMask = 2147483647;
			files = (
			);
			runOnlyForDeploymentPostprocessing = 0;
		};
		BC6362CE2306F43F009891B7 /* Resources */ = {
			isa = PBXResourcesBuildPhase;
			buildActionMask = 2147483647;
			files = (
			);
			runOnlyForDeploymentPostprocessing = 0;
		};
/* End PBXResourcesBuildPhase section */

/* Begin PBXSourcesBuildPhase section */
		BC6362AD2306F43F009891B7 /* Sources */ = {
			isa = PBXSourcesBuildPhase;
			buildActionMask = 2147483647;
			files = (
				BC6362B72306F43F009891B7 /* ViewController.swift in Sources */,
				BC6362B52306F43F009891B7 /* AppDelegate.swift in Sources */,
			);
			runOnlyForDeploymentPostprocessing = 0;
		};
		BC6362C12306F43F009891B7 /* Sources */ = {
			isa = PBXSourcesBuildPhase;
			buildActionMask = 2147483647;
			files = (
				BC6362CA2306F43F009891B7 /* CalcuMoraTests.swift in Sources */,
			);
			runOnlyForDeploymentPostprocessing = 0;
		};
		BC6362CC2306F43F009891B7 /* Sources */ = {
			isa = PBXSourcesBuildPhase;
			buildActionMask = 2147483647;
			files = (
				BC6362D52306F43F009891B7 /* CalcuMoraUITests.swift in Sources */,
			);
			runOnlyForDeploymentPostprocessing = 0;
		};
/* End PBXSourcesBuildPhase section */

/* Begin PBXTargetDependency section */
		BC6362C72306F43F009891B7 /* PBXTargetDependency */ = {
			isa = PBXTargetDependency;
			target = BC6362B02306F43F009891B7 /* CalcuMora */;
			targetProxy = BC6362C62306F43F009891B7 /* PBXContainerItemProxy */;
		};
		BC6362D22306F43F009891B7 /* PBXTargetDependency */ = {
			isa = PBXTargetDependency;
			target = BC6362B02306F43F009891B7 /* CalcuMora */;
			targetProxy = BC6362D12306F43F009891B7 /* PBXContainerItemProxy */;
		};
/* End PBXTargetDependency section */

/* Begin PBXVariantGroup section */
		BC6362B82306F43F009891B7 /* Main.storyboard */ = {
			isa = PBXVariantGroup;
			children = (
				BC6362B92306F43F009891B7 /* Base */,
			);
			name = Main.storyboard;
			sourceTree = "<group>";
		};
		BC6362BD2306F43F009891B7 /* LaunchScreen.storyboard */ = {
			isa = PBXVariantGroup;
			children = (
				BC6362BE2306F43F009891B7 /* Base */,
			);
			name = LaunchScreen.storyboard;
			sourceTree = "<group>";
		};
/* End PBXVariantGroup section */

/* Begin XCBuildConfiguration section */
		BC6362D72306F43F009891B7 /* Debug */ = {
			isa = XCBuildConfiguration;
			buildSettings = {
				ALWAYS_SEARCH_USER_PATHS = NO;
				CLANG_ANALYZER_NONNULL = YES;
				CLANG_ANALYZER_NUMBER_OBJECT_CONVERSION = YES_AGGRESSIVE;
				CLANG_CXX_LANGUAGE_STANDARD = "gnu++14";
				CLANG_CXX_LIBRARY = "libc++";
				CLANG_ENABLE_MODULES = YES;
				CLANG_ENABLE_OBJC_ARC = YES;
				CLANG_ENABLE_OBJC_WEAK = YES;
				CLANG_WARN_BLOCK_CAPTURE_AUTORELEASING = YES;
				CLANG_WARN_BOOL_CONVERSION = YES;
				CLANG_WARN_COMMA = YES;
				CLANG_WARN_CONSTANT_CONVERSION = YES;
				CLANG_WARN_DEPRECATED_OBJC_IMPLEMENTATIONS = YES;
				CLANG_WARN_DIRECT_OBJC_ISA_USAGE = YES_ERROR;
				CLANG_WARN_DOCUMENTATION_COMMENTS = YES;
				CLANG_WARN_EMPTY_BODY = YES;
				CLANG_WARN_ENUM_CONVERSION = YES;
				CLANG_WARN_INFINITE_RECURSION = YES;
				CLANG_WARN_INT_CONVERSION = YES;
				CLANG_WARN_NON_LITERAL_NULL_CONVERSION = YES;
				CLANG_WARN_OBJC_IMPLICIT_RETAIN_SELF = YES;
				CLANG_WARN_OBJC_LITERAL_CONVERSION = YES;
				CLANG_WARN_OBJC_ROOT_CLASS = YES_ERROR;
				CLANG_WARN_RANGE_LOOP_ANALYSIS = YES;
				CLANG_WARN_STRICT_PROTOTYPES = YES;
				CLANG_WARN_SUSPICIOUS_MOVE = YES;
				CLANG_WARN_UNGUARDED_AVAILABILITY = YES_AGGRESSIVE;
				CLANG_WARN_UNREACHABLE_CODE = YES;
				CLANG_WARN__DUPLICATE_METHOD_MATCH = YES;
				CODE_SIGN_IDENTITY = "iPhone Developer";
				COPY_PHASE_STRIP = NO;
				DEBUG_INFORMATION_FORMAT = dwarf;
				ENABLE_STRICT_OBJC_MSGSEND = YES;
				ENABLE_TESTABILITY = YES;
				GCC_C_LANGUAGE_STANDARD = gnu11;
				GCC_DYNAMIC_NO_PIC = NO;
				GCC_NO_COMMON_BLOCKS = YES;
				GCC_OPTIMIZATION_LEVEL = 0;
				GCC_PREPROCESSOR_DEFINITIONS = (
					"DEBUG=1",
					"$(inherited)",
				);
				GCC_WARN_64_TO_32_BIT_CONVERSION = YES;
				GCC_WARN_ABOUT_RETURN_TYPE = YES_ERROR;
				GCC_WARN_UNDECLARED_SELECTOR = YES;
				GCC_WARN_UNINITIALIZED_AUTOS = YES_AGGRESSIVE;
				GCC_WARN_UNUSED_FUNCTION = YES;
				GCC_WARN_UNUSED_VARIABLE = YES;
				IPHONEOS_DEPLOYMENT_TARGET = 12.4;
				MTL_ENABLE_DEBUG_INFO = INCLUDE_SOURCE;
				MTL_FAST_MATH = YES;
				ONLY_ACTIVE_ARCH = YES;
				SDKROOT = iphoneos;
				SWIFT_ACTIVE_COMPILATION_CONDITIONS = DEBUG;
				SWIFT_OPTIMIZATION_LEVEL = "-Onone";
			};
			name = Debug;
		};
		BC6362D82306F43F009891B7 /* Release */ = {
			isa = XCBuildConfiguration;
			buildSettings = {
				ALWAYS_SEARCH_USER_PATHS = NO;
				CLANG_ANALYZER_NONNULL = YES;
				CLANG_ANALYZER_NUMBER_OBJECT_CONVERSION = YES_AGGRESSIVE;
				CLANG_CXX_LANGUAGE_STANDARD = "gnu++14";
				CLANG_CXX_LIBRARY = "libc++";
				CLANG_ENABLE_MODULES = YES;
				CLANG_ENABLE_OBJC_ARC = YES;
				CLANG_ENABLE_OBJC_WEAK = YES;
				CLANG_WARN_BLOCK_CAPTURE_AUTORELEASING = YES;
				CLANG_WARN_BOOL_CONVERSION = YES;
				CLANG_WARN_COMMA = YES;
				CLANG_WARN_CONSTANT_CONVERSION = YES;
				CLANG_WARN_DEPRECATED_OBJC_IMPLEMENTATIONS = YES;
				CLANG_WARN_DIRECT_OBJC_ISA_USAGE = YES_ERROR;
				CLANG_WARN_DOCUMENTATION_COMMENTS = YES;
				CLANG_WARN_EMPTY_BODY = YES;
				CLANG_WARN_ENUM_CONVERSION = YES;
				CLANG_WARN_INFINITE_RECURSION = YES;
				CLANG_WARN_INT_CONVERSION = YES;
				CLANG_WARN_NON_LITERAL_NULL_CONVERSION = YES;
				CLANG_WARN_OBJC_IMPLICIT_RETAIN_SELF = YES;
				CLANG_WARN_OBJC_LITERAL_CONVERSION = YES;
				CLANG_WARN_OBJC_ROOT_CLASS = YES_ERROR;
				CLANG_WARN_RANGE_LOOP_ANALYSIS = YES;
				CLANG_WARN_STRICT_PROTOTYPES = YES;
				CLANG_WARN_SUSPICIOUS_MOVE = YES;
				CLANG_WARN_UNGUARDED_AVAILABILITY = YES_AGGRESSIVE;
				CLANG_WARN_UNREACHABLE_CODE = YES;
				CLANG_WARN__DUPLICATE_METHOD_MATCH = YES;
				CODE_SIGN_IDENTITY = "iPhone Developer";
				COPY_PHASE_STRIP = NO;
				DEBUG_INFORMATION_FORMAT = "dwarf-with-dsym";
				ENABLE_NS_ASSERTIONS = NO;
				ENABLE_STRICT_OBJC_MSGSEND = YES;
				GCC_C_LANGUAGE_STANDARD = gnu11;
				GCC_NO_COMMON_BLOCKS = YES;
				GCC_WARN_64_TO_32_BIT_CONVERSION = YES;
				GCC_WARN_ABOUT_RETURN_TYPE = YES_ERROR;
				GCC_WARN_UNDECLARED_SELECTOR = YES;
				GCC_WARN_UNINITIALIZED_AUTOS = YES_AGGRESSIVE;
				GCC_WARN_UNUSED_FUNCTION = YES;
				GCC_WARN_UNUSED_VARIABLE = YES;
				IPHONEOS_DEPLOYMENT_TARGET = 12.4;
				MTL_ENABLE_DEBUG_INFO = NO;
				MTL_FAST_MATH = YES;
				SDKROOT = iphoneos;
				SWIFT_COMPILATION_MODE = wholemodule;
				SWIFT_OPTIMIZATION_LEVEL = "-O";
				VALIDATE_PRODUCT = YES;
			};
			name = Release;
		};
		BC6362DA2306F43F009891B7 /* Debug */ = {
			isa = XCBuildConfiguration;
			buildSettings = {
				ASSETCATALOG_COMPILER_APPICON_NAME = AppIcon;
				CODE_SIGN_STYLE = Automatic;
				INFOPLIST_FILE = CalcuMora/Info.plist;
				LD_RUNPATH_SEARCH_PATHS = (
					"$(inherited)",
					"@executable_path/Frameworks",
				);
				PRODUCT_BUNDLE_IDENTIFIER = com.saladitas.CalcuMora;
				PRODUCT_NAME = "$(TARGET_NAME)";
				SWIFT_VERSION = 5.0;
				TARGETED_DEVICE_FAMILY = "1,2";
			};
			name = Debug;
		};
		BC6362DB2306F43F009891B7 /* Release */ = {
			isa = XCBuildConfiguration;
			buildSettings = {
				ASSETCATALOG_COMPILER_APPICON_NAME = AppIcon;
				CODE_SIGN_STYLE = Automatic;
				INFOPLIST_FILE = CalcuMora/Info.plist;
				LD_RUNPATH_SEARCH_PATHS = (
					"$(inherited)",
					"@executable_path/Frameworks",
				);
				PRODUCT_BUNDLE_IDENTIFIER = com.saladitas.CalcuMora;
				PRODUCT_NAME = "$(TARGET_NAME)";
				SWIFT_VERSION = 5.0;
				TARGETED_DEVICE_FAMILY = "1,2";
			};
			name = Release;
		};
		BC6362DD2306F43F009891B7 /* Debug */ = {
			isa = XCBuildConfiguration;
			buildSettings = {
				ALWAYS_EMBED_SWIFT_STANDARD_LIBRARIES = YES;
				BUNDLE_LOADER = "$(TEST_HOST)";
				CODE_SIGN_STYLE = Automatic;
				INFOPLIST_FILE = CalcuMoraTests/Info.plist;
				LD_RUNPATH_SEARCH_PATHS = (
					"$(inherited)",
					"@executable_path/Frameworks",
					"@loader_path/Frameworks",
				);
				PRODUCT_BUNDLE_IDENTIFIER = com.saladitas.CalcuMoraTests;
				PRODUCT_NAME = "$(TARGET_NAME)";
				SWIFT_VERSION = 5.0;
				TARGETED_DEVICE_FAMILY = "1,2";
				TEST_HOST = "$(BUILT_PRODUCTS_DIR)/CalcuMora.app/CalcuMora";
			};
			name = Debug;
		};
		BC6362DE2306F43F009891B7 /* Release */ = {
			isa = XCBuildConfiguration;
			buildSettings = {
				ALWAYS_EMBED_SWIFT_STANDARD_LIBRARIES = YES;
				BUNDLE_LOADER = "$(TEST_HOST)";
				CODE_SIGN_STYLE = Automatic;
				INFOPLIST_FILE = CalcuMoraTests/Info.plist;
				LD_RUNPATH_SEARCH_PATHS = (
					"$(inherited)",
					"@executable_path/Frameworks",
					"@loader_path/Frameworks",
				);
				PRODUCT_BUNDLE_IDENTIFIER = com.saladitas.CalcuMoraTests;
				PRODUCT_NAME = "$(TARGET_NAME)";
				SWIFT_VERSION = 5.0;
				TARGETED_DEVICE_FAMILY = "1,2";
				TEST_HOST = "$(BUILT_PRODUCTS_DIR)/CalcuMora.app/CalcuMora";
			};
			name = Release;
		};
		BC6362E02306F43F009891B7 /* Debug */ = {
			isa = XCBuildConfiguration;
			buildSettings = {
				ALWAYS_EMBED_SWIFT_STANDARD_LIBRARIES = YES;
				CODE_SIGN_STYLE = Automatic;
				INFOPLIST_FILE = CalcuMoraUITests/Info.plist;
				LD_RUNPATH_SEARCH_PATHS = (
					"$(inherited)",
					"@executable_path/Frameworks",
					"@loader_path/Frameworks",
				);
				PRODUCT_BUNDLE_IDENTIFIER = com.saladitas.CalcuMoraUITests;
				PRODUCT_NAME = "$(TARGET_NAME)";
				SWIFT_VERSION = 5.0;
				TARGETED_DEVICE_FAMILY = "1,2";
				TEST_TARGET_NAME = CalcuMora;
			};
			name = Debug;
		};
		BC6362E12306F43F009891B7 /* Release */ = {
			isa = XCBuildConfiguration;
			buildSettings = {
				ALWAYS_EMBED_SWIFT_STANDARD_LIBRARIES = YES;
				CODE_SIGN_STYLE = Automatic;
				INFOPLIST_FILE = CalcuMoraUITests/Info.plist;
				LD_RUNPATH_SEARCH_PATHS = (
					"$(inherited)",
					"@executable_path/Frameworks",
					"@loader_path/Frameworks",
				);
				PRODUCT_BUNDLE_IDENTIFIER = com.saladitas.CalcuMoraUITests;
				PRODUCT_NAME = "$(TARGET_NAME)";
				SWIFT_VERSION = 5.0;
				TARGETED_DEVICE_FAMILY = "1,2";
				TEST_TARGET_NAME = CalcuMora;
			};
			name = Release;
		};
/* End XCBuildConfiguration section */

/* Begin XCConfigurationList section */
		BC6362AC2306F43E009891B7 /* Build configuration list for PBXProject "CalcuMora" */ = {
			isa = XCConfigurationList;
			buildConfigurations = (
				BC6362D72306F43F009891B7 /* Debug */,
				BC6362D82306F43F009891B7 /* Release */,
			);
			defaultConfigurationIsVisible = 0;
			defaultConfigurationName = Release;
		};
		BC6362D92306F43F009891B7 /* Build configuration list for PBXNativeTarget "CalcuMora" */ = {
			isa = XCConfigurationList;
			buildConfigurations = (
				BC6362DA2306F43F009891B7 /* Debug */,
				BC6362DB2306F43F009891B7 /* Release */,
			);
			defaultConfigurationIsVisible = 0;
			defaultConfigurationName = Release;
		};
		BC6362DC2306F43F009891B7 /* Build configuration list for PBXNativeTarget "CalcuMoraTests" */ = {
			isa = XCConfigurationList;
			buildConfigurations = (
				BC6362DD2306F43F009891B7 /* Debug */,
				BC6362DE2306F43F009891B7 /* Release */,
			);
			defaultConfigurationIsVisible = 0;
			defaultConfigurationName = Release;
		};
		BC6362DF2306F43F009891B7 /* Build configuration list for PBXNativeTarget "CalcuMoraUITests" */ = {
			isa = XCConfigurationList;
			buildConfigurations = (
				BC6362E02306F43F009891B7 /* Debug */,
				BC6362E12306F43F009891B7 /* Release */,
			);
			defaultConfigurationIsVisible = 0;
			defaultConfigurationName = Release;
		};
/* End XCConfigurationList section */
	};
	rootObject = BC6362A92306F43E009891B7 /* Project object */;
}
